
Microsoft Visual Studio Solution File, Format Version 12.00
# Visual Studio Version 17
VisualStudioVersion = 17.8.34205.153
MinimumVisualStudioVersion = 10.0.40219.1
Project("{9A19103F-16F7-4668-BE54-9A1E7A4F7556}") = "Server", "ClientServer\Server.csproj", "{0AB9BB5B-D6E9-4F4F-8B5C-2A810CB9F589}"
EndProject
Project("{9A19103F-16F7-4668-BE54-9A1E7A4F7556}") = "Client", "Client\Client.csproj", "{D42F545A-AC35-43DB-9615-F8DCF2C38446}"
EndProject
Global
	GlobalSection(SolutionConfigurationPlatforms) = preSolution
		Debug|Any CPU = Debug|Any CPU
		Release|Any CPU = Release|Any CPU
	EndGlobalSection
	GlobalSection(ProjectConfigurationPlatforms) = postSolution
		{0AB9BB5B-D6E9-4F4F-8B5C-2A810CB9F589}.Debug|Any CPU.ActiveCfg = Debug|Any CPU
		{0AB9BB5B-D6E9-4F4F-8B5C-2A810CB9F589}.Debug|Any CPU.Build.0 = Debug|Any CPU
		{0AB9BB5B-D6E9-4F4F-8B5C-2A810CB9F589}.Release|Any CPU.ActiveCfg = Release|Any CPU
		{0AB9BB5B-D6E9-4F4F-8B5C-2A810CB9F589}.Release|Any CPU.Build.0 = Release|Any CPU
		{D42F545A-AC35-43DB-9615-F8DCF2C38446}.Debug|Any CPU.ActiveCfg = Debug|Any CPU
		{D42F545A-AC35-43DB-9615-F8DCF2C38446}.Debug|Any CPU.Build.0 = Debug|Any CPU
		{D42F545A-AC35-43DB-9615-F8DCF2C38446}.Release|Any CPU.ActiveCfg = Release|Any CPU
		{D42F545A-AC35-43DB-9615-F8DCF2C38446}.Release|Any CPU.Build.0 = Release|Any CPU
	EndGlobalSection
	GlobalSection(SolutionProperties) = preSolution
		HideSolutionNode = FALSE
	EndGlobalSection
	GlobalSection(ExtensibilityGlobals) = postSolution
		SolutionGuid = {04265175-06B6-4FFF-B9AF-825B2D6D8862}
	EndGlobalSection
EndGlobal
